
Microsoft Visual Studio Solution File, Format Version 12.00
# Visual Studio Version 17
VisualStudioVersion = 17.7.34024.191
MinimumVisualStudioVersion = 10.0.40219.1
Project("{FAE04EC0-301F-11D3-BF4B-00C04F79EFBC}") = "CONTADOR MANUAL", "CONTADOR MANUAL\CONTADOR MANUAL.csproj", "{E3C18373-D2E8-42A4-94EF-CB36EEBA679D}"
EndProject
Global
	GlobalSection(SolutionConfigurationPlatforms) = preSolution
		Debug|Any CPU = Debug|Any CPU
		Release|Any CPU = Release|Any CPU
	EndGlobalSection
	GlobalSection(ProjectConfigurationPlatforms) = postSolution
		{E3C18373-D2E8-42A4-94EF-CB36EEBA679D}.Debug|Any CPU.ActiveCfg = Debug|Any CPU
		{E3C18373-D2E8-42A4-94EF-CB36EEBA679D}.Debug|Any CPU.Build.0 = Debug|Any CPU
		{E3C18373-D2E8-42A4-94EF-CB36EEBA679D}.Debug|Any CPU.Deploy.0 = Debug|Any CPU
		{E3C18373-D2E8-42A4-94EF-CB36EEBA679D}.Release|Any CPU.ActiveCfg = Release|Any CPU
		{E3C18373-D2E8-42A4-94EF-CB36EEBA679D}.Release|Any CPU.Build.0 = Release|Any CPU
		{E3C18373-D2E8-42A4-94EF-CB36EEBA679D}.Release|Any CPU.Deploy.0 = Release|Any CPU
	EndGlobalSection
	GlobalSection(SolutionProperties) = preSolution
		HideSolutionNode = FALSE
	EndGlobalSection
	GlobalSection(ExtensibilityGlobals) = postSolution
		SolutionGuid = {4B7036B0-E5ED-4C1A-8C5E-2B3625C1740E}
	EndGlobalSection
EndGlobal
